
Microsoft Visual Studio Solution File, Format Version 11.00
# Visual Studio 2010
Project("{FAE04EC0-301F-11D3-BF4B-00C04F79EFBC}") = "KhachSan_Epic", "Web_KhachSan\KhachSan_Epic.csproj", "{9750EA92-10C9-43C2-81B7-A19C33653E2C}"
EndProject
Global
	GlobalSection(SolutionConfigurationPlatforms) = preSolution
		Debug|Any CPU = Debug|Any CPU
		Release|Any CPU = Release|Any CPU
	EndGlobalSection
	GlobalSection(ProjectConfigurationPlatforms) = postSolution
		{9750EA92-10C9-43C2-81B7-A19C33653E2C}.Debug|Any CPU.ActiveCfg = Debug|Any CPU
		{9750EA92-10C9-43C2-81B7-A19C33653E2C}.Debug|Any CPU.Build.0 = Debug|Any CPU
		{9750EA92-10C9-43C2-81B7-A19C33653E2C}.Release|Any CPU.ActiveCfg = Release|Any CPU
		{9750EA92-10C9-43C2-81B7-A19C33653E2C}.Release|Any CPU.Build.0 = Release|Any CPU
	EndGlobalSection
	GlobalSection(SolutionProperties) = preSolution
		HideSolutionNode = FALSE
	EndGlobalSection
EndGlobal
