
Microsoft Visual Studio Solution File, Format Version 12.00
# Visual Studio 15
VisualStudioVersion = 15.0.28307.902
MinimumVisualStudioVersion = 10.0.40219.1
Project("{FAE04EC0-301F-11D3-BF4B-00C04F79EFBC}") = "ASP", "Web_KhachSan\ASP.csproj", "{9750EA92-10C9-43C2-81B7-A19C33653E2C}"
EndProject
Global
	GlobalSection(SolutionConfigurationPlatforms) = preSolution
		Debug|Any CPU = Debug|Any CPU
		Release|Any CPU = Release|Any CPU
	EndGlobalSection
	GlobalSection(ProjectConfigurationPlatforms) = postSolution
		{9750EA92-10C9-43C2-81B7-A19C33653E2C}.Debug|Any CPU.ActiveCfg = Debug|Any CPU
		{9750EA92-10C9-43C2-81B7-A19C33653E2C}.Debug|Any CPU.Build.0 = Debug|Any CPU
		{9750EA92-10C9-43C2-81B7-A19C33653E2C}.Release|Any CPU.ActiveCfg = Release|Any CPU
		{9750EA92-10C9-43C2-81B7-A19C33653E2C}.Release|Any CPU.Build.0 = Release|Any CPU
	EndGlobalSection
	GlobalSection(SolutionProperties) = preSolution
		HideSolutionNode = FALSE
	EndGlobalSection
	GlobalSection(ExtensibilityGlobals) = postSolution
		SolutionGuid = {A62FC123-B808-4357-B82C-94733D589E5E}
	EndGlobalSection
EndGlobal
